
Microsoft Visual Studio Solution File, Format Version 12.00
# Visual Studio Version 16
VisualStudioVersion = 16.0.30621.155
MinimumVisualStudioVersion = 10.0.40219.1
Project("{FAE04EC0-301F-11D3-BF4B-00C04F79EFBC}") = "RealEstatyAgency", "Design\RealEstatyAgency.csproj", "{1DED33FC-C86E-4376-9BC3-DC6A183A972B}"
EndProject
Project("{FAE04EC0-301F-11D3-BF4B-00C04F79EFBC}") = "RealEstateAgency.Tests", "RealEstateAgency.Tests\RealEstateAgency.Tests.csproj", "{A14012CC-A279-41B4-ADF4-67B0C4E208E0}"
EndProject
Global
	GlobalSection(SolutionConfigurationPlatforms) = preSolution
		Debug|Any CPU = Debug|Any CPU
		Debug|ARM = Debug|ARM
		Debug|ARM64 = Debug|ARM64
		Debug|x64 = Debug|x64
		Debug|x86 = Debug|x86
		Release|Any CPU = Release|Any CPU
		Release|ARM = Release|ARM
		Release|ARM64 = Release|ARM64
		Release|x64 = Release|x64
		Release|x86 = Release|x86
	EndGlobalSection
	GlobalSection(ProjectConfigurationPlatforms) = postSolution
		{1DED33FC-C86E-4376-9BC3-DC6A183A972B}.Debug|Any CPU.ActiveCfg = Debug|Any CPU
		{1DED33FC-C86E-4376-9BC3-DC6A183A972B}.Debug|Any CPU.Build.0 = Debug|Any CPU
		{1DED33FC-C86E-4376-9BC3-DC6A183A972B}.Debug|ARM.ActiveCfg = Debug|Any CPU
		{1DED33FC-C86E-4376-9BC3-DC6A183A972B}.Debug|ARM.Build.0 = Debug|Any CPU
		{1DED33FC-C86E-4376-9BC3-DC6A183A972B}.Debug|ARM64.ActiveCfg = Debug|Any CPU
		{1DED33FC-C86E-4376-9BC3-DC6A183A972B}.Debug|ARM64.Build.0 = Debug|Any CPU
		{1DED33FC-C86E-4376-9BC3-DC6A183A972B}.Debug|x64.ActiveCfg = Debug|Any CPU
		{1DED33FC-C86E-4376-9BC3-DC6A183A972B}.Debug|x64.Build.0 = Debug|Any CPU
		{1DED33FC-C86E-4376-9BC3-DC6A183A972B}.Debug|x86.ActiveCfg = Debug|Any CPU
		{1DED33FC-C86E-4376-9BC3-DC6A183A972B}.Debug|x86.Build.0 = Debug|Any CPU
		{1DED33FC-C86E-4376-9BC3-DC6A183A972B}.Release|Any CPU.ActiveCfg = Release|Any CPU
		{1DED33FC-C86E-4376-9BC3-DC6A183A972B}.Release|Any CPU.Build.0 = Release|Any CPU
		{1DED33FC-C86E-4376-9BC3-DC6A183A972B}.Release|ARM.ActiveCfg = Release|Any CPU
		{1DED33FC-C86E-4376-9BC3-DC6A183A972B}.Release|ARM.Build.0 = Release|Any CPU
		{1DED33FC-C86E-4376-9BC3-DC6A183A972B}.Release|ARM64.ActiveCfg = Release|Any CPU
		{1DED33FC-C86E-4376-9BC3-DC6A183A972B}.Release|ARM64.Build.0 = Release|Any CPU
		{1DED33FC-C86E-4376-9BC3-DC6A183A972B}.Release|x64.ActiveCfg = Release|Any CPU
		{1DED33FC-C86E-4376-9BC3-DC6A183A972B}.Release|x64.Build.0 = Release|Any CPU
		{1DED33FC-C86E-4376-9BC3-DC6A183A972B}.Release|x86.ActiveCfg = Release|Any CPU
		{1DED33FC-C86E-4376-9BC3-DC6A183A972B}.Release|x86.Build.0 = Release|Any CPU
		{A14012CC-A279-41B4-ADF4-67B0C4E208E0}.Debug|Any CPU.ActiveCfg = Debug|Any CPU
		{A14012CC-A279-41B4-ADF4-67B0C4E208E0}.Debug|Any CPU.Build.0 = Debug|Any CPU
		{A14012CC-A279-41B4-ADF4-67B0C4E208E0}.Debug|ARM.ActiveCfg = Debug|Any CPU
		{A14012CC-A279-41B4-ADF4-67B0C4E208E0}.Debug|ARM.Build.0 = Debug|Any CPU
		{A14012CC-A279-41B4-ADF4-67B0C4E208E0}.Debug|ARM64.ActiveCfg = Debug|Any CPU
		{A14012CC-A279-41B4-ADF4-67B0C4E208E0}.Debug|ARM64.Build.0 = Debug|Any CPU
		{A14012CC-A279-41B4-ADF4-67B0C4E208E0}.Debug|x64.ActiveCfg = Debug|Any CPU
		{A14012CC-A279-41B4-ADF4-67B0C4E208E0}.Debug|x64.Build.0 = Debug|Any CPU
		{A14012CC-A279-41B4-ADF4-67B0C4E208E0}.Debug|x86.ActiveCfg = Debug|Any CPU
		{A14012CC-A279-41B4-ADF4-67B0C4E208E0}.Debug|x86.Build.0 = Debug|Any CPU
		{A14012CC-A279-41B4-ADF4-67B0C4E208E0}.Release|Any CPU.ActiveCfg = Release|Any CPU
		{A14012CC-A279-41B4-ADF4-67B0C4E208E0}.Release|Any CPU.Build.0 = Release|Any CPU
		{A14012CC-A279-41B4-ADF4-67B0C4E208E0}.Release|ARM.ActiveCfg = Release|Any CPU
		{A14012CC-A279-41B4-ADF4-67B0C4E208E0}.Release|ARM.Build.0 = Release|Any CPU
		{A14012CC-A279-41B4-ADF4-67B0C4E208E0}.Release|ARM64.ActiveCfg = Release|Any CPU
		{A14012CC-A279-41B4-ADF4-67B0C4E208E0}.Release|ARM64.Build.0 = Release|Any CPU
		{A14012CC-A279-41B4-ADF4-67B0C4E208E0}.Release|x64.ActiveCfg = Release|Any CPU
		{A14012CC-A279-41B4-ADF4-67B0C4E208E0}.Release|x64.Build.0 = Release|Any CPU
		{A14012CC-A279-41B4-ADF4-67B0C4E208E0}.Release|x86.ActiveCfg = Release|Any CPU
		{A14012CC-A279-41B4-ADF4-67B0C4E208E0}.Release|x86.Build.0 = Release|Any CPU
	EndGlobalSection
	GlobalSection(SolutionProperties) = preSolution
		HideSolutionNode = FALSE
	EndGlobalSection
	GlobalSection(ExtensibilityGlobals) = postSolution
		SolutionGuid = {7CE53FDA-97E4-4EAC-B598-16024BE460C3}
	EndGlobalSection
EndGlobal
